
Microsoft Visual Studio Solution File, Format Version 12.00
# Visual Studio Version 17
VisualStudioVersion = 17.9.34728.123
MinimumVisualStudioVersion = 10.0.40219.1
Project("{FAE04EC0-301F-11D3-BF4B-00C04F79EFBC}") = "consumer", "consumer.csproj", "{912AC080-1816-473E-811D-C19FBFDD371D}"
EndProject
Global
	GlobalSection(SolutionConfigurationPlatforms) = preSolution
		Debug|Any CPU = Debug|Any CPU
		Release|Any CPU = Release|Any CPU
	EndGlobalSection
	GlobalSection(ProjectConfigurationPlatforms) = postSolution
		{912AC080-1816-473E-811D-C19FBFDD371D}.Debug|Any CPU.ActiveCfg = Debug|Any CPU
		{912AC080-1816-473E-811D-C19FBFDD371D}.Debug|Any CPU.Build.0 = Debug|Any CPU
		{912AC080-1816-473E-811D-C19FBFDD371D}.Release|Any CPU.ActiveCfg = Release|Any CPU
		{912AC080-1816-473E-811D-C19FBFDD371D}.Release|Any CPU.Build.0 = Release|Any CPU
	EndGlobalSection
	GlobalSection(SolutionProperties) = preSolution
		HideSolutionNode = FALSE
	EndGlobalSection
	GlobalSection(ExtensibilityGlobals) = postSolution
		SolutionGuid = {3F9535E0-20DC-4253-9C42-BBC0B5C5567A}
	EndGlobalSection
EndGlobal
